Microsoft Visual Studio Solution File, Format Version 12.00
# Visual Studio 14
VisualStudioVersion = 14.0.25420.1
MinimumVisualStudioVersion = 10.0.40219.1
Project("{2150E333-8FDC-42A3-9474-1A3956D46DE8}") = "Solution Items", "Solution Items", "{F0292F2E-C159-4963-ACE1-D37B0D0A0B26}"
EndProject
Project("{F184B08F-C81C-45F6-A57F-5ABD9991F28F}") = "Station", "Station\Station.vbproj", "{111B9F23-DE61-4605-A3E0-1903E5425D3C}"
EndProject
Project("{6141683F-8A12-4E36-9623-2EB02B2C2303}") = "Station Setup", "Station Setup\Station Setup.isproj", "{CA81B73F-B49B-4344-A545-15275DFB8929}"
	ProjectSection(ProjectDependencies) = postProject
		{111B9F23-DE61-4605-A3E0-1903E5425D3C} = {111B9F23-DE61-4605-A3E0-1903E5425D3C}
	EndProjectSection
EndProject
Global
	GlobalSection(SolutionConfigurationPlatforms) = preSolution
		CD_ROM|Any CPU = CD_ROM|Any CPU
		CD_ROM|x64 = CD_ROM|x64
		CD_ROM|x86 = CD_ROM|x86
		Debug|Any CPU = Debug|Any CPU
		Debug|x64 = Debug|x64
		Debug|x86 = Debug|x86
		DVD-5|Any CPU = DVD-5|Any CPU
		DVD-5|x64 = DVD-5|x64
		DVD-5|x86 = DVD-5|x86
		Release|Any CPU = Release|Any CPU
		Release|x64 = Release|x64
		Release|x86 = Release|x86
		SingleImage|Any CPU = SingleImage|Any CPU
		SingleImage|x64 = SingleImage|x64
		SingleImage|x86 = SingleImage|x86
	EndGlobalSection
	GlobalSection(ProjectConfigurationPlatforms) = postSolution
		{111B9F23-DE61-4605-A3E0-1903E5425D3C}.CD_ROM|Any CPU.ActiveCfg = Release|Any CPU
		{111B9F23-DE61-4605-A3E0-1903E5425D3C}.CD_ROM|Any CPU.Build.0 = Release|Any CPU
		{111B9F23-DE61-4605-A3E0-1903E5425D3C}.CD_ROM|x64.ActiveCfg = Release|x64
		{111B9F23-DE61-4605-A3E0-1903E5425D3C}.CD_ROM|x64.Build.0 = Release|x64
		{111B9F23-DE61-4605-A3E0-1903E5425D3C}.CD_ROM|x86.ActiveCfg = Release|x86
		{111B9F23-DE61-4605-A3E0-1903E5425D3C}.CD_ROM|x86.Build.0 = Release|x86
		{111B9F23-DE61-4605-A3E0-1903E5425D3C}.Debug|Any CPU.ActiveCfg = Debug|Any CPU
		{111B9F23-DE61-4605-A3E0-1903E5425D3C}.Debug|Any CPU.Build.0 = Debug|Any CPU
		{111B9F23-DE61-4605-A3E0-1903E5425D3C}.Debug|x64.ActiveCfg = Debug|x64
		{111B9F23-DE61-4605-A3E0-1903E5425D3C}.Debug|x64.Build.0 = Debug|x64
		{111B9F23-DE61-4605-A3E0-1903E5425D3C}.Debug|x86.ActiveCfg = Debug|x86
		{111B9F23-DE61-4605-A3E0-1903E5425D3C}.Debug|x86.Build.0 = Debug|x86
		{111B9F23-DE61-4605-A3E0-1903E5425D3C}.DVD-5|Any CPU.ActiveCfg = Release|Any CPU
		{111B9F23-DE61-4605-A3E0-1903E5425D3C}.DVD-5|Any CPU.Build.0 = Release|Any CPU
		{111B9F23-DE61-4605-A3E0-1903E5425D3C}.DVD-5|x64.ActiveCfg = Debug|x64
		{111B9F23-DE61-4605-A3E0-1903E5425D3C}.DVD-5|x64.Build.0 = Debug|x64
		{111B9F23-DE61-4605-A3E0-1903E5425D3C}.DVD-5|x86.ActiveCfg = Debug|x86
		{111B9F23-DE61-4605-A3E0-1903E5425D3C}.DVD-5|x86.Build.0 = Debug|x86
		{111B9F23-DE61-4605-A3E0-1903E5425D3C}.Release|Any CPU.ActiveCfg = Release|Any CPU
		{111B9F23-DE61-4605-A3E0-1903E5425D3C}.Release|Any CPU.Build.0 = Release|Any CPU
		{111B9F23-DE61-4605-A3E0-1903E5425D3C}.Release|Any CPU.Deploy.0 = Release|Any CPU
		{111B9F23-DE61-4605-A3E0-1903E5425D3C}.Release|x64.ActiveCfg = Release|Any CPU
		{111B9F23-DE61-4605-A3E0-1903E5425D3C}.Release|x64.Build.0 = Release|Any CPU
		{111B9F23-DE61-4605-A3E0-1903E5425D3C}.Release|x86.ActiveCfg = Release|x86
		{111B9F23-DE61-4605-A3E0-1903E5425D3C}.Release|x86.Build.0 = Release|x86
		{111B9F23-DE61-4605-A3E0-1903E5425D3C}.Release|x86.Deploy.0 = Release|x86
		{111B9F23-DE61-4605-A3E0-1903E5425D3C}.SingleImage|Any CPU.ActiveCfg = Release|Any CPU
		{111B9F23-DE61-4605-A3E0-1903E5425D3C}.SingleImage|Any CPU.Build.0 = Release|Any CPU
		{111B9F23-DE61-4605-A3E0-1903E5425D3C}.SingleImage|Any CPU.Deploy.0 = Release|Any CPU
		{111B9F23-DE61-4605-A3E0-1903E5425D3C}.SingleImage|x64.ActiveCfg = Release|x64
		{111B9F23-DE61-4605-A3E0-1903E5425D3C}.SingleImage|x64.Build.0 = Release|x64
		{111B9F23-DE61-4605-A3E0-1903E5425D3C}.SingleImage|x86.ActiveCfg = Release|x86
		{111B9F23-DE61-4605-A3E0-1903E5425D3C}.SingleImage|x86.Build.0 = Release|x86
		{CA81B73F-B49B-4344-A545-15275DFB8929}.CD_ROM|Any CPU.ActiveCfg = CD_ROM
		{CA81B73F-B49B-4344-A545-15275DFB8929}.CD_ROM|Any CPU.Build.0 = CD_ROM
		{CA81B73F-B49B-4344-A545-15275DFB8929}.CD_ROM|x64.ActiveCfg = CD_ROM
		{CA81B73F-B49B-4344-A545-15275DFB8929}.CD_ROM|x64.Build.0 = CD_ROM
		{CA81B73F-B49B-4344-A545-15275DFB8929}.CD_ROM|x86.ActiveCfg = CD_ROM
		{CA81B73F-B49B-4344-A545-15275DFB8929}.CD_ROM|x86.Build.0 = CD_ROM
		{CA81B73F-B49B-4344-A545-15275DFB8929}.Debug|Any CPU.ActiveCfg = SingleImage
		{CA81B73F-B49B-4344-A545-15275DFB8929}.Debug|Any CPU.Build.0 = SingleImage
		{CA81B73F-B49B-4344-A545-15275DFB8929}.Debug|x64.ActiveCfg = DVD-5
		{CA81B73F-B49B-4344-A545-15275DFB8929}.Debug|x64.Build.0 = DVD-5
		{CA81B73F-B49B-4344-A545-15275DFB8929}.Debug|x86.ActiveCfg = SingleImage
		{CA81B73F-B49B-4344-A545-15275DFB8929}.Debug|x86.Build.0 = SingleImage
		{CA81B73F-B49B-4344-A545-15275DFB8929}.DVD-5|Any CPU.ActiveCfg = DVD-5
		{CA81B73F-B49B-4344-A545-15275DFB8929}.DVD-5|Any CPU.Build.0 = DVD-5
		{CA81B73F-B49B-4344-A545-15275DFB8929}.DVD-5|x64.ActiveCfg = DVD-5
		{CA81B73F-B49B-4344-A545-15275DFB8929}.DVD-5|x64.Build.0 = DVD-5
		{CA81B73F-B49B-4344-A545-15275DFB8929}.DVD-5|x86.ActiveCfg = DVD-5
		{CA81B73F-B49B-4344-A545-15275DFB8929}.DVD-5|x86.Build.0 = DVD-5
		{CA81B73F-B49B-4344-A545-15275DFB8929}.Release|Any CPU.ActiveCfg = DVD-5
		{CA81B73F-B49B-4344-A545-15275DFB8929}.Release|Any CPU.Build.0 = DVD-5
		{CA81B73F-B49B-4344-A545-15275DFB8929}.Release|Any CPU.Deploy.0 = DVD-5
		{CA81B73F-B49B-4344-A545-15275DFB8929}.Release|x64.ActiveCfg = SingleImage
		{CA81B73F-B49B-4344-A545-15275DFB8929}.Release|x64.Build.0 = SingleImage
		{CA81B73F-B49B-4344-A545-15275DFB8929}.Release|x64.Deploy.0 = SingleImage
		{CA81B73F-B49B-4344-A545-15275DFB8929}.Release|x86.ActiveCfg = SingleImage
		{CA81B73F-B49B-4344-A545-15275DFB8929}.Release|x86.Build.0 = SingleImage
		{CA81B73F-B49B-4344-A545-15275DFB8929}.Release|x86.Deploy.0 = SingleImage
		{CA81B73F-B49B-4344-A545-15275DFB8929}.SingleImage|Any CPU.ActiveCfg = SingleImage
		{CA81B73F-B49B-4344-A545-15275DFB8929}.SingleImage|Any CPU.Build.0 = SingleImage
		{CA81B73F-B49B-4344-A545-15275DFB8929}.SingleImage|x64.ActiveCfg = SingleImage
		{CA81B73F-B49B-4344-A545-15275DFB8929}.SingleImage|x86.ActiveCfg = SingleImage
		{CA81B73F-B49B-4344-A545-15275DFB8929}.SingleImage|x86.Build.0 = SingleImage
	EndGlobalSection
	GlobalSection(SolutionProperties) = preSolution
		HideSolutionNode = FALSE
	EndGlobalSection
EndGlobal
